
Microsoft Visual Studio Solution File, Format Version 12.00
# Visual Studio Version 16
VisualStudioVersion = 16.0.30523.141
MinimumVisualStudioVersion = 10.0.40219.1
Project("{FAE04EC0-301F-11D3-BF4B-00C04F79EFBC}") = "gitvstudio", "gitvstudio\gitvstudio.csproj", "{1E7C176E-3940-428E-9056-16E8CF100105}"
EndProject
Global
	GlobalSection(SolutionConfigurationPlatforms) = preSolution
		Debug|Any CPU = Debug|Any CPU
		Release|Any CPU = Release|Any CPU
	EndGlobalSection
	GlobalSection(ProjectConfigurationPlatforms) = postSolution
		{1E7C176E-3940-428E-9056-16E8CF100105}.Debug|Any CPU.ActiveCfg = Debug|Any CPU
		{1E7C176E-3940-428E-9056-16E8CF100105}.Debug|Any CPU.Build.0 = Debug|Any CPU
		{1E7C176E-3940-428E-9056-16E8CF100105}.Release|Any CPU.ActiveCfg = Release|Any CPU
		{1E7C176E-3940-428E-9056-16E8CF100105}.Release|Any CPU.Build.0 = Release|Any CPU
	EndGlobalSection
	GlobalSection(SolutionProperties) = preSolution
		HideSolutionNode = FALSE
	EndGlobalSection
	GlobalSection(ExtensibilityGlobals) = postSolution
		SolutionGuid = {919CA368-69C6-466B-8671-44B52AD0DEEA}
	EndGlobalSection
EndGlobal
